// !$*UTF8*$!
{
	archiveVersion = 1;
	classes = {
	};
	objectVersion = 50;
	objects = {

/* Begin PBXBuildFile section */
		6C71B30621DEB39E008DAE16 /* AppDelegate.swift in Sources */ = {isa = PBXBuildFile; fileRef = 6C71B30521DEB39E008DAE16 /* AppDelegate.swift */; };
		6C71B30821DEB39E008DAE16 /* ViewController.swift in Sources */ = {isa = PBXBuildFile; fileRef = 6C71B30721DEB39E008DAE16 /* ViewController.swift */; };
		6C71B30B21DEB39E008DAE16 /* Main.storyboard in Resources */ = {isa = PBXBuildFile; fileRef = 6C71B30921DEB39E008DAE16 /* Main.storyboard */; };
		6C71B30D21DEB39E008DAE16 /* Assets.xcassets in Resources */ = {isa = PBXBuildFile; fileRef = 6C71B30C21DEB39E008DAE16 /* Assets.xcassets */; };
		6C71B31021DEB39E008DAE16 /* LaunchScreen.storyboard in Resources */ = {isa = PBXBuildFile; fileRef = 6C71B30E21DEB39E008DAE16 /* LaunchScreen.storyboard */; };
		6C71B31B21DEB39E008DAE16 /* Decision_MakerTests.swift in Sources */ = {isa = PBXBuildFile; fileRef = 6C71B31A21DEB39E008DAE16 /* Decision_MakerTests.swift */; };
		6C71B32621DEB39E008DAE16 /* Decision_MakerUITests.swift in Sources */ = {isa = PBXBuildFile; fileRef = 6C71B32521DEB39E008DAE16 /* Decision_MakerUITests.swift */; };
/* End PBXBuildFile section */

/* Begin PBXContainerItemProxy section */
		6C71B31721DEB39E008DAE16 /* PBXContainerItemProxy */ = {
			isa = PBXContainerItemProxy;
			containerPortal = 6C71B2FA21DEB39E008DAE16 /* Project object */;
			proxyType = 1;
			remoteGlobalIDString = 6C71B30121DEB39E008DAE16;
			remoteInfo = "Decision Maker";
		};
		6C71B32221DEB39E008DAE16 /* PBXContainerItemProxy */ = {
			isa = PBXContainerItemProxy;
			containerPortal = 6C71B2FA21DEB39E008DAE16 /* Project object */;
			proxyType = 1;
			remoteGlobalIDString = 6C71B30121DEB39E008DAE16;
			remoteInfo = "Decision Maker";
		};
/* End PBXContainerItemProxy section */

/* Begin PBXFileReference section */
		6C71B30221DEB39E008DAE16 /* Decision Maker.app */ = {isa = PBXFileReference; explicitFileType = wrapper.application; includeInIndex = 0; path = "Decision Maker.app"; sourceTree = BUILT_PRODUCTS_DIR; };
		6C71B30521DEB39E008DAE16 /* AppDelegate.swift */ = {isa = PBXFileReference; lastKnownFileType = sourcecode.swift; path = AppDelegate.swift; sourceTree = "<group>"; };
		6C71B30721DEB39E008DAE16 /* ViewController.swift */ = {isa = PBXFileReference; lastKnownFileType = sourcecode.swift; path = ViewController.swift; sourceTree = "<group>"; };
		6C71B30A21DEB39E008DAE16 /* Base */ = {isa = PBXFileReference; lastKnownFileType = file.storyboard; name = Base; path = Base.lproj/Main.storyboard; sourceTree = "<group>"; };
		6C71B30C21DEB39E008DAE16 /* Assets.xcassets */ = {isa = PBXFileReference; lastKnownFileType = folder.assetcatalog; path = Assets.xcassets; sourceTree = "<group>"; };
		6C71B30F21DEB39E008DAE16 /* Base */ = {isa = PBXFileReference; lastKnownFileType = file.storyboard; name = Base; path = Base.lproj/LaunchScreen.storyboard; sourceTree = "<group>"; };
		6C71B31121DEB39E008DAE16 /* Info.plist */ = {isa = PBXFileReference; lastKnownFileType = text.plist.xml; path = Info.plist; sourceTree = "<group>"; };
		6C71B31621DEB39E008DAE16 /* Decision MakerTests.xctest */ = {isa = PBXFileReference; explicitFileType = wrapper.cfbundle; includeInIndex = 0; path = "Decision MakerTests.xctest"; sourceTree = BUILT_PRODUCTS_DIR; };
		6C71B31A21DEB39E008DAE16 /* Decision_MakerTests.swift */ = {isa = PBXFileReference; lastKnownFileType = sourcecode.swift; path = Decision_MakerTests.swift; sourceTree = "<group>"; };
		6C71B31C21DEB39E008DAE16 /* Info.plist */ = {isa = PBXFileReference; lastKnownFileType = text.plist.xml; path = Info.plist; sourceTree = "<group>"; };
		6C71B32121DEB39E008DAE16 /* Decision MakerUITests.xctest */ = {isa = PBXFileReference; explicitFileType = wrapper.cfbundle; includeInIndex = 0; path = "Decision MakerUITests.xctest"; sourceTree = BUILT_PRODUCTS_DIR; };
		6C71B32521DEB39E008DAE16 /* Decision_MakerUITests.swift */ = {isa = PBXFileReference; lastKnownFileType = sourcecode.swift; path = Decision_MakerUITests.swift; sourceTree = "<group>"; };
		6C71B32721DEB39E008DAE16 /* Info.plist */ = {isa = PBXFileReference; lastKnownFileType = text.plist.xml; path = Info.plist; sourceTree = "<group>"; };
/* End PBXFileReference section */

/* Begin PBXFrameworksBuildPhase section */
		6C71B2FF21DEB39E008DAE16 /* Frameworks */ = {
			isa = PBXFrameworksBuildPhase;
			buildActionMask = 2147483647;
			files = (
			);
			runOnlyForDeploymentPostprocessing = 0;
		};
		6C71B31321DEB39E008DAE16 /* Frameworks */ = {
			isa = PBXFrameworksBuildPhase;
			buildActionMask = 2147483647;
			files = (
			);
			runOnlyForDeploymentPostprocessing = 0;
		};
		6C71B31E21DEB39E008DAE16 /* Frameworks */ = {
			isa = PBXFrameworksBuildPhase;
			buildActionMask = 2147483647;
			files = (
			);
			runOnlyForDeploymentPostprocessing = 0;
		};
/* End PBXFrameworksBuildPhase section */

/* Begin PBXGroup section */
		6C71B2F921DEB39E008DAE16 = {
			isa = PBXGroup;
			children = (
				6C71B30421DEB39E008DAE16 /* Decision Maker */,
				6C71B31921DEB39E008DAE16 /* Decision MakerTests */,
				6C71B32421DEB39E008DAE16 /* Decision MakerUITests */,
				6C71B30321DEB39E008DAE16 /* Products */,
			);
			sourceTree = "<group>";
		};
		6C71B30321DEB39E008DAE16 /* Products */ = {
			isa = PBXGroup;
			children = (
				6C71B30221DEB39E008DAE16 /* Decision Maker.app */,
				6C71B31621DEB39E008DAE16 /* Decision MakerTests.xctest */,
				6C71B32121DEB39E008DAE16 /* Decision MakerUITests.xctest */,
			);
			name = Products;
			sourceTree = "<group>";
		};
		6C71B30421DEB39E008DAE16 /* Decision Maker */ = {
			isa = PBXGroup;
			children = (
				6C71B30521DEB39E008DAE16 /* AppDelegate.swift */,
				6C71B30721DEB39E008DAE16 /* ViewController.swift */,
				6C71B30921DEB39E008DAE16 /* Main.storyboard */,
				6C71B30C21DEB39E008DAE16 /* Assets.xcassets */,
				6C71B30E21DEB39E008DAE16 /* LaunchScreen.storyboard */,
				6C71B31121DEB39E008DAE16 /* Info.plist */,
			);
			path = "Decision Maker";
			sourceTree = "<group>";
		};
		6C71B31921DEB39E008DAE16 /* Decision MakerTests */ = {
			isa = PBXGroup;
			children = (
				6C71B31A21DEB39E008DAE16 /* Decision_MakerTests.swift */,
				6C71B31C21DEB39E008DAE16 /* Info.plist */,
			);
			path = "Decision MakerTests";
			sourceTree = "<group>";
		};
		6C71B32421DEB39E008DAE16 /* Decision MakerUITests */ = {
			isa = PBXGroup;
			children = (
				6C71B32521DEB39E008DAE16 /* Decision_MakerUITests.swift */,
				6C71B32721DEB39E008DAE16 /* Info.plist */,
			);
			path = "Decision MakerUITests";
			sourceTree = "<group>";
		};
/* End PBXGroup section */

/* Begin PBXNativeTarget section */
		6C71B30121DEB39E008DAE16 /* Decision Maker */ = {
			isa = PBXNativeTarget;
			buildConfigurationList = 6C71B32A21DEB39E008DAE16 /* Build configuration list for PBXNativeTarget "Decision Maker" */;
			buildPhases = (
				6C71B2FE21DEB39E008DAE16 /* Sources */,
				6C71B2FF21DEB39E008DAE16 /* Frameworks */,
				6C71B30021DEB39E008DAE16 /* Resources */,
			);
			buildRules = (
			);
			dependencies = (
			);
			name = "Decision Maker";
			productName = "Decision Maker";
			productReference = 6C71B30221DEB39E008DAE16 /* Decision Maker.app */;
			productType = "com.apple.product-type.application";
		};
		6C71B31521DEB39E008DAE16 /* Decision MakerTests */ = {
			isa = PBXNativeTarget;
			buildConfigurationList = 6C71B32D21DEB39E008DAE16 /* Build configuration list for PBXNativeTarget "Decision MakerTests" */;
			buildPhases = (
				6C71B31221DEB39E008DAE16 /* Sources */,
				6C71B31321DEB39E008DAE16 /* Frameworks */,
				6C71B31421DEB39E008DAE16 /* Resources */,
			);
			buildRules = (
			);
			dependencies = (
				6C71B31821DEB39E008DAE16 /* PBXTargetDependency */,
			);
			name = "Decision MakerTests";
			productName = "Decision MakerTests";
			productReference = 6C71B31621DEB39E008DAE16 /* Decision MakerTests.xctest */;
			productType = "com.apple.product-type.bundle.unit-test";
		};
		6C71B32021DEB39E008DAE16 /* Decision MakerUITests */ = {
			isa = PBXNativeTarget;
			buildConfigurationList = 6C71B33021DEB39E008DAE16 /* Build configuration list for PBXNativeTarget "Decision MakerUITests" */;
			buildPhases = (
				6C71B31D21DEB39E008DAE16 /* Sources */,
				6C71B31E21DEB39E008DAE16 /* Frameworks */,
				6C71B31F21DEB39E008DAE16 /* Resources */,
			);
			buildRules = (
			);
			dependencies = (
				6C71B32321DEB39E008DAE16 /* PBXTargetDependency */,
			);
			name = "Decision MakerUITests";
			productName = "Decision MakerUITests";
			productReference = 6C71B32121DEB39E008DAE16 /* Decision MakerUITests.xctest */;
			productType = "com.apple.product-type.bundle.ui-testing";
		};
/* End PBXNativeTarget section */

/* Begin PBXProject section */
		6C71B2FA21DEB39E008DAE16 /* Project object */ = {
			isa = PBXProject;
			attributes = {
				LastSwiftUpdateCheck = 1010;
				LastUpgradeCheck = 1010;
				ORGANIZATIONNAME = "Jacob Barth";
				TargetAttributes = {
					6C71B30121DEB39E008DAE16 = {
						CreatedOnToolsVersion = 10.1;
					};
					6C71B31521DEB39E008DAE16 = {
						CreatedOnToolsVersion = 10.1;
						TestTargetID = 6C71B30121DEB39E008DAE16;
					};
					6C71B32021DEB39E008DAE16 = {
						CreatedOnToolsVersion = 10.1;
						TestTargetID = 6C71B30121DEB39E008DAE16;
					};
				};
			};
			buildConfigurationList = 6C71B2FD21DEB39E008DAE16 /* Build configuration list for PBXProject "Decision Maker" */;
			compatibilityVersion = "Xcode 9.3";
			developmentRegion = en;
			hasScannedForEncodings = 0;
			knownRegions = (
				en,
				Base,
			);
			mainGroup = 6C71B2F921DEB39E008DAE16;
			productRefGroup = 6C71B30321DEB39E008DAE16 /* Products */;
			projectDirPath = "";
			projectRoot = "";
			targets = (
				6C71B30121DEB39E008DAE16 /* Decision Maker */,
				6C71B31521DEB39E008DAE16 /* Decision MakerTests */,
				6C71B32021DEB39E008DAE16 /* Decision MakerUITests */,
			);
		};
/* End PBXProject section */

/* Begin PBXResourcesBuildPhase section */
		6C71B30021DEB39E008DAE16 /* Resources */ = {
			isa = PBXResourcesBuildPhase;
			buildActionMask = 2147483647;
			files = (
				6C71B31021DEB39E008DAE16 /* LaunchScreen.storyboard in Resources */,
				6C71B30D21DEB39E008DAE16 /* Assets.xcassets in Resources */,
				6C71B30B21DEB39E008DAE16 /* Main.storyboard in Resources */,
			);
			runOnlyForDeploymentPostprocessing = 0;
		};
		6C71B31421DEB39E008DAE16 /* Resources */ = {
			isa = PBXResourcesBuildPhase;
			buildActionMask = 2147483647;
			files = (
			);
			runOnlyForDeploymentPostprocessing = 0;
		};
		6C71B31F21DEB39E008DAE16 /* Resources */ = {
			isa = PBXResourcesBuildPhase;
			buildActionMask = 2147483647;
			files = (
			);
			runOnlyForDeploymentPostprocessing = 0;
		};
/* End PBXResourcesBuildPhase section */

/* Begin PBXSourcesBuildPhase section */
		6C71B2FE21DEB39E008DAE16 /* Sources */ = {
			isa = PBXSourcesBuildPhase;
			buildActionMask = 2147483647;
			files = (
				6C71B30821DEB39E008DAE16 /* ViewController.swift in Sources */,
				6C71B30621DEB39E008DAE16 /* AppDelegate.swift in Sources */,
			);
			runOnlyForDeploymentPostprocessing = 0;
		};
		6C71B31221DEB39E008DAE16 /* Sources */ = {
			isa = PBXSourcesBuildPhase;
			buildActionMask = 2147483647;
			files = (
				6C71B31B21DEB39E008DAE16 /* Decision_MakerTests.swift in Sources */,
			);
			runOnlyForDeploymentPostprocessing = 0;
		};
		6C71B31D21DEB39E008DAE16 /* Sources */ = {
			isa = PBXSourcesBuildPhase;
			buildActionMask = 2147483647;
			files = (
				6C71B32621DEB39E008DAE16 /* Decision_MakerUITests.swift in Sources */,
			);
			runOnlyForDeploymentPostprocessing = 0;
		};
/* End PBXSourcesBuildPhase section */

/* Begin PBXTargetDependency section */
		6C71B31821DEB39E008DAE16 /* PBXTargetDependency */ = {
			isa = PBXTargetDependency;
			target = 6C71B30121DEB39E008DAE16 /* Decision Maker */;
			targetProxy = 6C71B31721DEB39E008DAE16 /* PBXContainerItemProxy */;
		};
		6C71B32321DEB39E008DAE16 /* PBXTargetDependency */ = {
			isa = PBXTargetDependency;
			target = 6C71B30121DEB39E008DAE16 /* Decision Maker */;
			targetProxy = 6C71B32221DEB39E008DAE16 /* PBXContainerItemProxy */;
		};
/* End PBXTargetDependency section */

/* Begin PBXVariantGroup section */
		6C71B30921DEB39E008DAE16 /* Main.storyboard */ = {
			isa = PBXVariantGroup;
			children = (
				6C71B30A21DEB39E008DAE16 /* Base */,
			);
			name = Main.storyboard;
			sourceTree = "<group>";
		};
		6C71B30E21DEB39E008DAE16 /* LaunchScreen.storyboard */ = {
			isa = PBXVariantGroup;
			children = (
				6C71B30F21DEB39E008DAE16 /* Base */,
			);
			name = LaunchScreen.storyboard;
			sourceTree = "<group>";
		};
/* End PBXVariantGroup section */

/* Begin XCBuildConfiguration section */
		6C71B32821DEB39E008DAE16 /* Debug */ = {
			isa = XCBuildConfiguration;
			buildSettings = {
				ALWAYS_SEARCH_USER_PATHS = NO;
				CLANG_ANALYZER_NONNULL = YES;
				CLANG_ANALYZER_NUMBER_OBJECT_CONVERSION = YES_AGGRESSIVE;
				CLANG_CXX_LANGUAGE_STANDARD = "gnu++14";
				CLANG_CXX_LIBRARY = "libc++";
				CLANG_ENABLE_MODULES = YES;
				CLANG_ENABLE_OBJC_ARC = YES;
				CLANG_ENABLE_OBJC_WEAK = YES;
				CLANG_WARN_BLOCK_CAPTURE_AUTORELEASING = YES;
				CLANG_WARN_BOOL_CONVERSION = YES;
				CLANG_WARN_COMMA = YES;
				CLANG_WARN_CONSTANT_CONVERSION = YES;
				CLANG_WARN_DEPRECATED_OBJC_IMPLEMENTATIONS = YES;
				CLANG_WARN_DIRECT_OBJC_ISA_USAGE = YES_ERROR;
				CLANG_WARN_DOCUMENTATION_COMMENTS = YES;
				CLANG_WARN_EMPTY_BODY = YES;
				CLANG_WARN_ENUM_CONVERSION = YES;
				CLANG_WARN_INFINITE_RECURSION = YES;
				CLANG_WARN_INT_CONVERSION = YES;
				CLANG_WARN_NON_LITERAL_NULL_CONVERSION = YES;
				CLANG_WARN_OBJC_IMPLICIT_RETAIN_SELF = YES;
				CLANG_WARN_OBJC_LITERAL_CONVERSION = YES;
				CLANG_WARN_OBJC_ROOT_CLASS = YES_ERROR;
				CLANG_WARN_RANGE_LOOP_ANALYSIS = YES;
				CLANG_WARN_STRICT_PROTOTYPES = YES;
				CLANG_WARN_SUSPICIOUS_MOVE = YES;
				CLANG_WARN_UNGUARDED_AVAILABILITY = YES_AGGRESSIVE;
				CLANG_WARN_UNREACHABLE_CODE = YES;
				CLANG_WARN__DUPLICATE_METHOD_MATCH = YES;
				CODE_SIGN_IDENTITY = "iPhone Developer";
				COPY_PHASE_STRIP = NO;
				DEBUG_INFORMATION_FORMAT = dwarf;
				ENABLE_STRICT_OBJC_MSGSEND = YES;
				ENABLE_TESTABILITY = YES;
				GCC_C_LANGUAGE_STANDARD = gnu11;
				GCC_DYNAMIC_NO_PIC = NO;
				GCC_NO_COMMON_BLOCKS = YES;
				GCC_OPTIMIZATION_LEVEL = 0;
				GCC_PREPROCESSOR_DEFINITIONS = (
					"DEBUG=1",
					"$(inherited)",
				);
				GCC_WARN_64_TO_32_BIT_CONVERSION = YES;
				GCC_WARN_ABOUT_RETURN_TYPE = YES_ERROR;
				GCC_WARN_UNDECLARED_SELECTOR = YES;
				GCC_WARN_UNINITIALIZED_AUTOS = YES_AGGRESSIVE;
				GCC_WARN_UNUSED_FUNCTION = YES;
				GCC_WARN_UNUSED_VARIABLE = YES;
				IPHONEOS_DEPLOYMENT_TARGET = 12.1;
				MTL_ENABLE_DEBUG_INFO = INCLUDE_SOURCE;
				MTL_FAST_MATH = YES;
				ONLY_ACTIVE_ARCH = YES;
				SDKROOT = iphoneos;
				SWIFT_ACTIVE_COMPILATION_CONDITIONS = DEBUG;
				SWIFT_OPTIMIZATION_LEVEL = "-Onone";
			};
			name = Debug;
		};
		6C71B32921DEB39E008DAE16 /* Release */ = {
			isa = XCBuildConfiguration;
			buildSettings = {
				ALWAYS_SEARCH_USER_PATHS = NO;
				CLANG_ANALYZER_NONNULL = YES;
				CLANG_ANALYZER_NUMBER_OBJECT_CONVERSION = YES_AGGRESSIVE;
				CLANG_CXX_LANGUAGE_STANDARD = "gnu++14";
				CLANG_CXX_LIBRARY = "libc++";
				CLANG_ENABLE_MODULES = YES;
				CLANG_ENABLE_OBJC_ARC = YES;
				CLANG_ENABLE_OBJC_WEAK = YES;
				CLANG_WARN_BLOCK_CAPTURE_AUTORELEASING = YES;
				CLANG_WARN_BOOL_CONVERSION = YES;
				CLANG_WARN_COMMA = YES;
				CLANG_WARN_CONSTANT_CONVERSION = YES;
				CLANG_WARN_DEPRECATED_OBJC_IMPLEMENTATIONS = YES;
				CLANG_WARN_DIRECT_OBJC_ISA_USAGE = YES_ERROR;
				CLANG_WARN_DOCUMENTATION_COMMENTS = YES;
				CLANG_WARN_EMPTY_BODY = YES;
				CLANG_WARN_ENUM_CONVERSION = YES;
				CLANG_WARN_INFINITE_RECURSION = YES;
				CLANG_WARN_INT_CONVERSION = YES;
				CLANG_WARN_NON_LITERAL_NULL_CONVERSION = YES;
				CLANG_WARN_OBJC_IMPLICIT_RETAIN_SELF = YES;
				CLANG_WARN_OBJC_LITERAL_CONVERSION = YES;
				CLANG_WARN_OBJC_ROOT_CLASS = YES_ERROR;
				CLANG_WARN_RANGE_LOOP_ANALYSIS = YES;
				CLANG_WARN_STRICT_PROTOTYPES = YES;
				CLANG_WARN_SUSPICIOUS_MOVE = YES;
				CLANG_WARN_UNGUARDED_AVAILABILITY = YES_AGGRESSIVE;
				CLANG_WARN_UNREACHABLE_CODE = YES;
				CLANG_WARN__DUPLICATE_METHOD_MATCH = YES;
				CODE_SIGN_IDENTITY = "iPhone Developer";
				COPY_PHASE_STRIP = NO;
				DEBUG_INFORMATION_FORMAT = "dwarf-with-dsym";
				ENABLE_NS_ASSERTIONS = NO;
				ENABLE_STRICT_OBJC_MSGSEND = YES;
				GCC_C_LANGUAGE_STANDARD = gnu11;
				GCC_NO_COMMON_BLOCKS = YES;
				GCC_WARN_64_TO_32_BIT_CONVERSION = YES;
				GCC_WARN_ABOUT_RETURN_TYPE = YES_ERROR;
				GCC_WARN_UNDECLARED_SELECTOR = YES;
				GCC_WARN_UNINITIALIZED_AUTOS = YES_AGGRESSIVE;
				GCC_WARN_UNUSED_FUNCTION = YES;
				GCC_WARN_UNUSED_VARIABLE = YES;
				IPHONEOS_DEPLOYMENT_TARGET = 12.1;
				MTL_ENABLE_DEBUG_INFO = NO;
				MTL_FAST_MATH = YES;
				SDKROOT = iphoneos;
				SWIFT_COMPILATION_MODE = wholemodule;
				SWIFT_OPTIMIZATION_LEVEL = "-O";
				VALIDATE_PRODUCT = YES;
			};
			name = Release;
		};
		6C71B32B21DEB39E008DAE16 /* Debug */ = {
			isa = XCBuildConfiguration;
			buildSettings = {
				ASSETCATALOG_COMPILER_APPICON_NAME = AppIcon;
				CODE_SIGN_STYLE = Automatic;
				DEVELOPMENT_TEAM = 7PWW79VB4B;
				INFOPLIST_FILE = "Decision Maker/Info.plist";
				IPHONEOS_DEPLOYMENT_TARGET = 12.0;
				LD_RUNPATH_SEARCH_PATHS = (
					"$(inherited)",
					"@executable_path/Frameworks",
				);
				PRODUCT_BUNDLE_IDENTIFIER = "com.Decision-Maker";
				PRODUCT_NAME = "$(TARGET_NAME)";
				SWIFT_VERSION = 4.2;
				TARGETED_DEVICE_FAMILY = "1,2";
			};
			name = Debug;
		};
		6C71B32C21DEB39E008DAE16 /* Release */ = {
			isa = XCBuildConfiguration;
			buildSettings = {
				ASSETCATALOG_COMPILER_APPICON_NAME = AppIcon;
				CODE_SIGN_STYLE = Automatic;
				DEVELOPMENT_TEAM = 7PWW79VB4B;
				INFOPLIST_FILE = "Decision Maker/Info.plist";
				IPHONEOS_DEPLOYMENT_TARGET = 12.0;
				LD_RUNPATH_SEARCH_PATHS = (
					"$(inherited)",
					"@executable_path/Frameworks",
				);
				PRODUCT_BUNDLE_IDENTIFIER = "com.Decision-Maker";
				PRODUCT_NAME = "$(TARGET_NAME)";
				SWIFT_VERSION = 4.2;
				TARGETED_DEVICE_FAMILY = "1,2";
			};
			name = Release;
		};
		6C71B32E21DEB39E008DAE16 /* Debug */ = {
			isa = XCBuildConfiguration;
			buildSettings = {
				ALWAYS_EMBED_SWIFT_STANDARD_LIBRARIES = YES;
				BUNDLE_LOADER = "$(TEST_HOST)";
				CODE_SIGN_STYLE = Automatic;
				DEVELOPMENT_TEAM = 7PWW79VB4B;
				INFOPLIST_FILE = "Decision MakerTests/Info.plist";
				LD_RUNPATH_SEARCH_PATHS = (
					"$(inherited)",
					"@executable_path/Frameworks",
					"@loader_path/Frameworks",
				);
				PRODUCT_BUNDLE_IDENTIFIER = "com.Decision-MakerTests";
				PRODUCT_NAME = "$(TARGET_NAME)";
				SWIFT_VERSION = 4.2;
				TARGETED_DEVICE_FAMILY = "1,2";
				TEST_HOST = "$(BUILT_PRODUCTS_DIR)/Decision Maker.app/Decision Maker";
			};
			name = Debug;
		};
		6C71B32F21DEB39E008DAE16 /* Release */ = {
			isa = XCBuildConfiguration;
			buildSettings = {
				ALWAYS_EMBED_SWIFT_STANDARD_LIBRARIES = YES;
				BUNDLE_LOADER = "$(TEST_HOST)";
				CODE_SIGN_STYLE = Automatic;
				DEVELOPMENT_TEAM = 7PWW79VB4B;
				INFOPLIST_FILE = "Decision MakerTests/Info.plist";
				LD_RUNPATH_SEARCH_PATHS = (
					"$(inherited)",
					"@executable_path/Frameworks",
					"@loader_path/Frameworks",
				);
				PRODUCT_BUNDLE_IDENTIFIER = "com.Decision-MakerTests";
				PRODUCT_NAME = "$(TARGET_NAME)";
				SWIFT_VERSION = 4.2;
				TARGETED_DEVICE_FAMILY = "1,2";
				TEST_HOST = "$(BUILT_PRODUCTS_DIR)/Decision Maker.app/Decision Maker";
			};
			name = Release;
		};
		6C71B33121DEB39E008DAE16 /* Debug */ = {
			isa = XCBuildConfiguration;
			buildSettings = {
				ALWAYS_EMBED_SWIFT_STANDARD_LIBRARIES = YES;
				CODE_SIGN_STYLE = Automatic;
				DEVELOPMENT_TEAM = 7PWW79VB4B;
				INFOPLIST_FILE = "Decision MakerUITests/Info.plist";
				LD_RUNPATH_SEARCH_PATHS = (
					"$(inherited)",
					"@executable_path/Frameworks",
					"@loader_path/Frameworks",
				);
				PRODUCT_BUNDLE_IDENTIFIER = "com.Decision-MakerUITests";
				PRODUCT_NAME = "$(TARGET_NAME)";
				SWIFT_VERSION = 4.2;
				TARGETED_DEVICE_FAMILY = "1,2";
				TEST_TARGET_NAME = "Decision Maker";
			};
			name = Debug;
		};
		6C71B33221DEB39E008DAE16 /* Release */ = {
			isa = XCBuildConfiguration;
			buildSettings = {
				ALWAYS_EMBED_SWIFT_STANDARD_LIBRARIES = YES;
				CODE_SIGN_STYLE = Automatic;
				DEVELOPMENT_TEAM = 7PWW79VB4B;
				INFOPLIST_FILE = "Decision MakerUITests/Info.plist";
				LD_RUNPATH_SEARCH_PATHS = (
					"$(inherited)",
					"@executable_path/Frameworks",
					"@loader_path/Frameworks",
				);
				PRODUCT_BUNDLE_IDENTIFIER = "com.Decision-MakerUITests";
				PRODUCT_NAME = "$(TARGET_NAME)";
				SWIFT_VERSION = 4.2;
				TARGETED_DEVICE_FAMILY = "1,2";
				TEST_TARGET_NAME = "Decision Maker";
			};
			name = Release;
		};
/* End XCBuildConfiguration section */

/* Begin XCConfigurationList section */
		6C71B2FD21DEB39E008DAE16 /* Build configuration list for PBXProject "Decision Maker" */ = {
			isa = XCConfigurationList;
			buildConfigurations = (
				6C71B32821DEB39E008DAE16 /* Debug */,
				6C71B32921DEB39E008DAE16 /* Release */,
			);
			defaultConfigurationIsVisible = 0;
			defaultConfigurationName = Release;
		};
		6C71B32A21DEB39E008DAE16 /* Build configuration list for PBXNativeTarget "Decision Maker" */ = {
			isa = XCConfigurationList;
			buildConfigurations = (
				6C71B32B21DEB39E008DAE16 /* Debug */,
				6C71B32C21DEB39E008DAE16 /* Release */,
			);
			defaultConfigurationIsVisible = 0;
			defaultConfigurationName = Release;
		};
		6C71B32D21DEB39E008DAE16 /* Build configuration list for PBXNativeTarget "Decision MakerTests" */ = {
			isa = XCConfigurationList;
			buildConfigurations = (
				6C71B32E21DEB39E008DAE16 /* Debug */,
				6C71B32F21DEB39E008DAE16 /* Release */,
			);
			defaultConfigurationIsVisible = 0;
			defaultConfigurationName = Release;
		};
		6C71B33021DEB39E008DAE16 /* Build configuration list for PBXNativeTarget "Decision MakerUITests" */ = {
			isa = XCConfigurationList;
			buildConfigurations = (
				6C71B33121DEB39E008DAE16 /* Debug */,
				6C71B33221DEB39E008DAE16 /* Release */,
			);
			defaultConfigurationIsVisible = 0;
			defaultConfigurationName = Release;
		};
/* End XCConfigurationList section */
	};
	rootObject = 6C71B2FA21DEB39E008DAE16 /* Project object */;
}
